
Microsoft Visual Studio Solution File, Format Version 12.00
# Visual Studio 15
Project("{FAE04EC0-301F-11D3-BF4B-00C04F79EFBC}") = "Assembly-CSharp", "Assembly-CSharp.csproj", "{9B6334D6-CC52-DB40-9192-CF98331734FF}"
EndProject
Project("{FAE04EC0-301F-11D3-BF4B-00C04F79EFBC}") = "VRM", "VRM.csproj", "{11817193-1D11-0EB8-23C3-8B4FBB1B3F5C}"
EndProject
Project("{FAE04EC0-301F-11D3-BF4B-00C04F79EFBC}") = "FastSpringBone", "FastSpringBone.csproj", "{10FE20F3-FB4B-E5A8-5BF3-0C1F45FCE5A2}"
EndProject
Project("{FAE04EC0-301F-11D3-BF4B-00C04F79EFBC}") = "UniGLTF", "UniGLTF.csproj", "{09D894D3-782C-806B-046E-4F4FFA8D7F3B}"
EndProject
Project("{FAE04EC0-301F-11D3-BF4B-00C04F79EFBC}") = "VRMShaders.GLTF.IO.Runtime", "VRMShaders.GLTF.IO.Runtime.csproj", "{9F6CBE41-A156-279D-3936-C9C013082383}"
EndProject
Project("{FAE04EC0-301F-11D3-BF4B-00C04F79EFBC}") = "VRMShaders.VRM10.MToon10.Runtime", "VRMShaders.VRM10.MToon10.Runtime.csproj", "{B69979A0-C0EA-98CB-965E-1A5024733848}"
EndProject
Project("{FAE04EC0-301F-11D3-BF4B-00C04F79EFBC}") = "VRMShaders.VRM.IO.Runtime", "VRMShaders.VRM.IO.Runtime.csproj", "{358EF9B8-B8B2-2C43-E1EA-EBFBA48D8E71}"
EndProject
Project("{FAE04EC0-301F-11D3-BF4B-00C04F79EFBC}") = "UniHumanoid", "UniHumanoid.csproj", "{DBF478A4-D4D3-24B9-9A07-5ACF8533AF3F}"
EndProject
Project("{FAE04EC0-301F-11D3-BF4B-00C04F79EFBC}") = "MToon", "MToon.csproj", "{C128AE64-D0B9-1AE6-C4BF-B6D69523084A}"
EndProject
Project("{FAE04EC0-301F-11D3-BF4B-00C04F79EFBC}") = "VRMShaders.VRM10.Format.Runtime", "VRMShaders.VRM10.Format.Runtime.csproj", "{87B35741-29CA-D091-4C97-D2CFE6835B0C}"
EndProject
Project("{FAE04EC0-301F-11D3-BF4B-00C04F79EFBC}") = "VRMShaders.GLTF.UniUnlit.Runtime", "VRMShaders.GLTF.UniUnlit.Runtime.csproj", "{42F240C3-745B-FD91-1DE9-50DC5EBCC678}"
EndProject
Project("{FAE04EC0-301F-11D3-BF4B-00C04F79EFBC}") = "UniGLTF.Samples.ScreenSpace", "UniGLTF.Samples.ScreenSpace.csproj", "{93778A41-275A-1B22-A374-3EB72CCD436C}"
EndProject
Project("{FAE04EC0-301F-11D3-BF4B-00C04F79EFBC}") = "Assembly-CSharp-Editor", "Assembly-CSharp-Editor.csproj", "{BCE7ADFE-F948-3C20-EAF4-4A936C3E8AD9}"
EndProject
Project("{FAE04EC0-301F-11D3-BF4B-00C04F79EFBC}") = "VRM.Tests", "VRM.Tests.csproj", "{E36AC06A-D512-CB6C-D299-7F7B8BEC638E}"
EndProject
Project("{FAE04EC0-301F-11D3-BF4B-00C04F79EFBC}") = "UniGLTF.Editor", "UniGLTF.Editor.csproj", "{80C092EC-B81C-AD46-A06E-22B776277C09}"
EndProject
Project("{FAE04EC0-301F-11D3-BF4B-00C04F79EFBC}") = "UniGLTF.Tests", "UniGLTF.Tests.csproj", "{E82D0112-746D-EB15-2D5C-720368F3C191}"
EndProject
Project("{FAE04EC0-301F-11D3-BF4B-00C04F79EFBC}") = "UniVRM.Editor", "UniVRM.Editor.csproj", "{E8BA9544-C815-8607-0E0B-1FBDE6A41B0A}"
EndProject
Project("{FAE04EC0-301F-11D3-BF4B-00C04F79EFBC}") = "VRMShaders.GLTF.UniUnlit.Editor", "VRMShaders.GLTF.UniUnlit.Editor.csproj", "{D8D5FCB2-1FB7-53D0-88D7-197D3F155CCA}"
EndProject
Project("{FAE04EC0-301F-11D3-BF4B-00C04F79EFBC}") = "UniHumanoid.Editor", "UniHumanoid.Editor.csproj", "{24D43076-6F9A-DFCD-36F1-782713A38C62}"
EndProject
Project("{FAE04EC0-301F-11D3-BF4B-00C04F79EFBC}") = "VRM.Samples.Editor.Tests", "VRM.Samples.Editor.Tests.csproj", "{870E49A6-689D-A3B8-0A53-49493A4CD2A8}"
EndProject
Project("{FAE04EC0-301F-11D3-BF4B-00C04F79EFBC}") = "VRMShaders.GLTF.IO.Editor", "VRMShaders.GLTF.IO.Editor.csproj", "{C5D5C52D-69E4-FBE3-88A7-D028CF2479E9}"
EndProject
Project("{FAE04EC0-301F-11D3-BF4B-00C04F79EFBC}") = "VRMShaders.GLTF.IO.Tests", "VRMShaders.GLTF.IO.Tests.csproj", "{DACE1AE5-DE28-34C0-7D1A-1DA676076A03}"
EndProject
Project("{FAE04EC0-301F-11D3-BF4B-00C04F79EFBC}") = "VRMShaders.VRM10.MToon10.Editor", "VRMShaders.VRM10.MToon10.Editor.csproj", "{12CA8DC5-4F12-FE78-C766-6D171EEA60A7}"
EndProject
Project("{FAE04EC0-301F-11D3-BF4B-00C04F79EFBC}") = "VRMShaders.VRM10.MToon10.Tests", "VRMShaders.VRM10.MToon10.Tests.csproj", "{9D01135E-FFF5-262A-5437-B95507FA5293}"
EndProject
Project("{FAE04EC0-301F-11D3-BF4B-00C04F79EFBC}") = "UniHumanoid.Editor.Tests", "UniHumanoid.Editor.Tests.csproj", "{5552DAB6-5AAE-5A78-4FCE-F0B8BA9FFB45}"
EndProject
Project("{FAE04EC0-301F-11D3-BF4B-00C04F79EFBC}") = "MToon.Editor", "MToon.Editor.csproj", "{2888A08B-8AE5-7CF8-DD60-28D1DC541D71}"
EndProject
Project("{FAE04EC0-301F-11D3-BF4B-00C04F79EFBC}") = "VRMShaders.VRM.IO.Editor", "VRMShaders.VRM.IO.Editor.csproj", "{A4B4C567-6EB3-7F53-055A-66A7EA60DC92}"
EndProject
Global
	GlobalSection(SolutionConfigurationPlatforms) = preSolution
		Debug|Any CPU = Debug|Any CPU
		Release|Any CPU = Release|Any CPU
	EndGlobalSection
	GlobalSection(ProjectConfigurationPlatforms) = postSolution
		{9B6334D6-CC52-DB40-9192-CF98331734FF}.Debug|Any CPU.ActiveCfg = Debug|Any CPU
		{9B6334D6-CC52-DB40-9192-CF98331734FF}.Debug|Any CPU.Build.0 = Debug|Any CPU
		{9B6334D6-CC52-DB40-9192-CF98331734FF}.Release|Any CPU.ActiveCfg = Release|Any CPU
		{9B6334D6-CC52-DB40-9192-CF98331734FF}.Release|Any CPU.Build.0 = Release|Any CPU
		{11817193-1D11-0EB8-23C3-8B4FBB1B3F5C}.Debug|Any CPU.ActiveCfg = Debug|Any CPU
		{11817193-1D11-0EB8-23C3-8B4FBB1B3F5C}.Debug|Any CPU.Build.0 = Debug|Any CPU
		{11817193-1D11-0EB8-23C3-8B4FBB1B3F5C}.Release|Any CPU.ActiveCfg = Release|Any CPU
		{11817193-1D11-0EB8-23C3-8B4FBB1B3F5C}.Release|Any CPU.Build.0 = Release|Any CPU
		{10FE20F3-FB4B-E5A8-5BF3-0C1F45FCE5A2}.Debug|Any CPU.ActiveCfg = Debug|Any CPU
		{10FE20F3-FB4B-E5A8-5BF3-0C1F45FCE5A2}.Debug|Any CPU.Build.0 = Debug|Any CPU
		{10FE20F3-FB4B-E5A8-5BF3-0C1F45FCE5A2}.Release|Any CPU.ActiveCfg = Release|Any CPU
		{10FE20F3-FB4B-E5A8-5BF3-0C1F45FCE5A2}.Release|Any CPU.Build.0 = Release|Any CPU
		{09D894D3-782C-806B-046E-4F4FFA8D7F3B}.Debug|Any CPU.ActiveCfg = Debug|Any CPU
		{09D894D3-782C-806B-046E-4F4FFA8D7F3B}.Debug|Any CPU.Build.0 = Debug|Any CPU
		{09D894D3-782C-806B-046E-4F4FFA8D7F3B}.Release|Any CPU.ActiveCfg = Release|Any CPU
		{09D894D3-782C-806B-046E-4F4FFA8D7F3B}.Release|Any CPU.Build.0 = Release|Any CPU
		{9F6CBE41-A156-279D-3936-C9C013082383}.Debug|Any CPU.ActiveCfg = Debug|Any CPU
		{9F6CBE41-A156-279D-3936-C9C013082383}.Debug|Any CPU.Build.0 = Debug|Any CPU
		{9F6CBE41-A156-279D-3936-C9C013082383}.Release|Any CPU.ActiveCfg = Release|Any CPU
		{9F6CBE41-A156-279D-3936-C9C013082383}.Release|Any CPU.Build.0 = Release|Any CPU
		{B69979A0-C0EA-98CB-965E-1A5024733848}.Debug|Any CPU.ActiveCfg = Debug|Any CPU
		{B69979A0-C0EA-98CB-965E-1A5024733848}.Debug|Any CPU.Build.0 = Debug|Any CPU
		{B69979A0-C0EA-98CB-965E-1A5024733848}.Release|Any CPU.ActiveCfg = Release|Any CPU
		{B69979A0-C0EA-98CB-965E-1A5024733848}.Release|Any CPU.Build.0 = Release|Any CPU
		{358EF9B8-B8B2-2C43-E1EA-EBFBA48D8E71}.Debug|Any CPU.ActiveCfg = Debug|Any CPU
		{358EF9B8-B8B2-2C43-E1EA-EBFBA48D8E71}.Debug|Any CPU.Build.0 = Debug|Any CPU
		{358EF9B8-B8B2-2C43-E1EA-EBFBA48D8E71}.Release|Any CPU.ActiveCfg = Release|Any CPU
		{358EF9B8-B8B2-2C43-E1EA-EBFBA48D8E71}.Release|Any CPU.Build.0 = Release|Any CPU
		{DBF478A4-D4D3-24B9-9A07-5ACF8533AF3F}.Debug|Any CPU.ActiveCfg = Debug|Any CPU
		{DBF478A4-D4D3-24B9-9A07-5ACF8533AF3F}.Debug|Any CPU.Build.0 = Debug|Any CPU
		{DBF478A4-D4D3-24B9-9A07-5ACF8533AF3F}.Release|Any CPU.ActiveCfg = Release|Any CPU
		{DBF478A4-D4D3-24B9-9A07-5ACF8533AF3F}.Release|Any CPU.Build.0 = Release|Any CPU
		{C128AE64-D0B9-1AE6-C4BF-B6D69523084A}.Debug|Any CPU.ActiveCfg = Debug|Any CPU
		{C128AE64-D0B9-1AE6-C4BF-B6D69523084A}.Debug|Any CPU.Build.0 = Debug|Any CPU
		{C128AE64-D0B9-1AE6-C4BF-B6D69523084A}.Release|Any CPU.ActiveCfg = Release|Any CPU
		{C128AE64-D0B9-1AE6-C4BF-B6D69523084A}.Release|Any CPU.Build.0 = Release|Any CPU
		{87B35741-29CA-D091-4C97-D2CFE6835B0C}.Debug|Any CPU.ActiveCfg = Debug|Any CPU
		{87B35741-29CA-D091-4C97-D2CFE6835B0C}.Debug|Any CPU.Build.0 = Debug|Any CPU
		{87B35741-29CA-D091-4C97-D2CFE6835B0C}.Release|Any CPU.ActiveCfg = Release|Any CPU
		{87B35741-29CA-D091-4C97-D2CFE6835B0C}.Release|Any CPU.Build.0 = Release|Any CPU
		{42F240C3-745B-FD91-1DE9-50DC5EBCC678}.Debug|Any CPU.ActiveCfg = Debug|Any CPU
		{42F240C3-745B-FD91-1DE9-50DC5EBCC678}.Debug|Any CPU.Build.0 = Debug|Any CPU
		{42F240C3-745B-FD91-1DE9-50DC5EBCC678}.Release|Any CPU.ActiveCfg = Release|Any CPU
		{42F240C3-745B-FD91-1DE9-50DC5EBCC678}.Release|Any CPU.Build.0 = Release|Any CPU
		{93778A41-275A-1B22-A374-3EB72CCD436C}.Debug|Any CPU.ActiveCfg = Debug|Any CPU
		{93778A41-275A-1B22-A374-3EB72CCD436C}.Debug|Any CPU.Build.0 = Debug|Any CPU
		{93778A41-275A-1B22-A374-3EB72CCD436C}.Release|Any CPU.ActiveCfg = Release|Any CPU
		{93778A41-275A-1B22-A374-3EB72CCD436C}.Release|Any CPU.Build.0 = Release|Any CPU
		{BCE7ADFE-F948-3C20-EAF4-4A936C3E8AD9}.Debug|Any CPU.ActiveCfg = Debug|Any CPU
		{BCE7ADFE-F948-3C20-EAF4-4A936C3E8AD9}.Debug|Any CPU.Build.0 = Debug|Any CPU
		{BCE7ADFE-F948-3C20-EAF4-4A936C3E8AD9}.Release|Any CPU.ActiveCfg = Release|Any CPU
		{BCE7ADFE-F948-3C20-EAF4-4A936C3E8AD9}.Release|Any CPU.Build.0 = Release|Any CPU
		{E36AC06A-D512-CB6C-D299-7F7B8BEC638E}.Debug|Any CPU.ActiveCfg = Debug|Any CPU
		{E36AC06A-D512-CB6C-D299-7F7B8BEC638E}.Debug|Any CPU.Build.0 = Debug|Any CPU
		{E36AC06A-D512-CB6C-D299-7F7B8BEC638E}.Release|Any CPU.ActiveCfg = Release|Any CPU
		{E36AC06A-D512-CB6C-D299-7F7B8BEC638E}.Release|Any CPU.Build.0 = Release|Any CPU
		{80C092EC-B81C-AD46-A06E-22B776277C09}.Debug|Any CPU.ActiveCfg = Debug|Any CPU
		{80C092EC-B81C-AD46-A06E-22B776277C09}.Debug|Any CPU.Build.0 = Debug|Any CPU
		{80C092EC-B81C-AD46-A06E-22B776277C09}.Release|Any CPU.ActiveCfg = Release|Any CPU
		{80C092EC-B81C-AD46-A06E-22B776277C09}.Release|Any CPU.Build.0 = Release|Any CPU
		{E82D0112-746D-EB15-2D5C-720368F3C191}.Debug|Any CPU.ActiveCfg = Debug|Any CPU
		{E82D0112-746D-EB15-2D5C-720368F3C191}.Debug|Any CPU.Build.0 = Debug|Any CPU
		{E82D0112-746D-EB15-2D5C-720368F3C191}.Release|Any CPU.ActiveCfg = Release|Any CPU
		{E82D0112-746D-EB15-2D5C-720368F3C191}.Release|Any CPU.Build.0 = Release|Any CPU
		{E8BA9544-C815-8607-0E0B-1FBDE6A41B0A}.Debug|Any CPU.ActiveCfg = Debug|Any CPU
		{E8BA9544-C815-8607-0E0B-1FBDE6A41B0A}.Debug|Any CPU.Build.0 = Debug|Any CPU
		{E8BA9544-C815-8607-0E0B-1FBDE6A41B0A}.Release|Any CPU.ActiveCfg = Release|Any CPU
		{E8BA9544-C815-8607-0E0B-1FBDE6A41B0A}.Release|Any CPU.Build.0 = Release|Any CPU
		{D8D5FCB2-1FB7-53D0-88D7-197D3F155CCA}.Debug|Any CPU.ActiveCfg = Debug|Any CPU
		{D8D5FCB2-1FB7-53D0-88D7-197D3F155CCA}.Debug|Any CPU.Build.0 = Debug|Any CPU
		{D8D5FCB2-1FB7-53D0-88D7-197D3F155CCA}.Release|Any CPU.ActiveCfg = Release|Any CPU
		{D8D5FCB2-1FB7-53D0-88D7-197D3F155CCA}.Release|Any CPU.Build.0 = Release|Any CPU
		{24D43076-6F9A-DFCD-36F1-782713A38C62}.Debug|Any CPU.ActiveCfg = Debug|Any CPU
		{24D43076-6F9A-DFCD-36F1-782713A38C62}.Debug|Any CPU.Build.0 = Debug|Any CPU
		{24D43076-6F9A-DFCD-36F1-782713A38C62}.Release|Any CPU.ActiveCfg = Release|Any CPU
		{24D43076-6F9A-DFCD-36F1-782713A38C62}.Release|Any CPU.Build.0 = Release|Any CPU
		{870E49A6-689D-A3B8-0A53-49493A4CD2A8}.Debug|Any CPU.ActiveCfg = Debug|Any CPU
		{870E49A6-689D-A3B8-0A53-49493A4CD2A8}.Debug|Any CPU.Build.0 = Debug|Any CPU
		{870E49A6-689D-A3B8-0A53-49493A4CD2A8}.Release|Any CPU.ActiveCfg = Release|Any CPU
		{870E49A6-689D-A3B8-0A53-49493A4CD2A8}.Release|Any CPU.Build.0 = Release|Any CPU
		{C5D5C52D-69E4-FBE3-88A7-D028CF2479E9}.Debug|Any CPU.ActiveCfg = Debug|Any CPU
		{C5D5C52D-69E4-FBE3-88A7-D028CF2479E9}.Debug|Any CPU.Build.0 = Debug|Any CPU
		{C5D5C52D-69E4-FBE3-88A7-D028CF2479E9}.Release|Any CPU.ActiveCfg = Release|Any CPU
		{C5D5C52D-69E4-FBE3-88A7-D028CF2479E9}.Release|Any CPU.Build.0 = Release|Any CPU
		{DACE1AE5-DE28-34C0-7D1A-1DA676076A03}.Debug|Any CPU.ActiveCfg = Debug|Any CPU
		{DACE1AE5-DE28-34C0-7D1A-1DA676076A03}.Debug|Any CPU.Build.0 = Debug|Any CPU
		{DACE1AE5-DE28-34C0-7D1A-1DA676076A03}.Release|Any CPU.ActiveCfg = Release|Any CPU
		{DACE1AE5-DE28-34C0-7D1A-1DA676076A03}.Release|Any CPU.Build.0 = Release|Any CPU
		{12CA8DC5-4F12-FE78-C766-6D171EEA60A7}.Debug|Any CPU.ActiveCfg = Debug|Any CPU
		{12CA8DC5-4F12-FE78-C766-6D171EEA60A7}.Debug|Any CPU.Build.0 = Debug|Any CPU
		{12CA8DC5-4F12-FE78-C766-6D171EEA60A7}.Release|Any CPU.ActiveCfg = Release|Any CPU
		{12CA8DC5-4F12-FE78-C766-6D171EEA60A7}.Release|Any CPU.Build.0 = Release|Any CPU
		{9D01135E-FFF5-262A-5437-B95507FA5293}.Debug|Any CPU.ActiveCfg = Debug|Any CPU
		{9D01135E-FFF5-262A-5437-B95507FA5293}.Debug|Any CPU.Build.0 = Debug|Any CPU
		{9D01135E-FFF5-262A-5437-B95507FA5293}.Release|Any CPU.ActiveCfg = Release|Any CPU
		{9D01135E-FFF5-262A-5437-B95507FA5293}.Release|Any CPU.Build.0 = Release|Any CPU
		{5552DAB6-5AAE-5A78-4FCE-F0B8BA9FFB45}.Debug|Any CPU.ActiveCfg = Debug|Any CPU
		{5552DAB6-5AAE-5A78-4FCE-F0B8BA9FFB45}.Debug|Any CPU.Build.0 = Debug|Any CPU
		{5552DAB6-5AAE-5A78-4FCE-F0B8BA9FFB45}.Release|Any CPU.ActiveCfg = Release|Any CPU
		{5552DAB6-5AAE-5A78-4FCE-F0B8BA9FFB45}.Release|Any CPU.Build.0 = Release|Any CPU
		{2888A08B-8AE5-7CF8-DD60-28D1DC541D71}.Debug|Any CPU.ActiveCfg = Debug|Any CPU
		{2888A08B-8AE5-7CF8-DD60-28D1DC541D71}.Debug|Any CPU.Build.0 = Debug|Any CPU
		{2888A08B-8AE5-7CF8-DD60-28D1DC541D71}.Release|Any CPU.ActiveCfg = Release|Any CPU
		{2888A08B-8AE5-7CF8-DD60-28D1DC541D71}.Release|Any CPU.Build.0 = Release|Any CPU
		{A4B4C567-6EB3-7F53-055A-66A7EA60DC92}.Debug|Any CPU.ActiveCfg = Debug|Any CPU
		{A4B4C567-6EB3-7F53-055A-66A7EA60DC92}.Debug|Any CPU.Build.0 = Debug|Any CPU
		{A4B4C567-6EB3-7F53-055A-66A7EA60DC92}.Release|Any CPU.ActiveCfg = Release|Any CPU
		{A4B4C567-6EB3-7F53-055A-66A7EA60DC92}.Release|Any CPU.Build.0 = Release|Any CPU
	EndGlobalSection
	GlobalSection(SolutionProperties) = preSolution
		HideSolutionNode = FALSE
	EndGlobalSection
EndGlobal
